
Microsoft Visual Studio Solution File, Format Version 12.00
# Visual Studio Version 17
VisualStudioVersion = 17.2.32616.157
MinimumVisualStudioVersion = 10.0.40219.1
Project("{FAE04EC0-301F-11D3-BF4B-00C04F79EFBC}") = "Eclerx.Jadhav.Question4", "Eclerx.Jadhav.Question4\Eclerx.Jadhav.Question4.csproj", "{2C6FC852-C9E1-4C3F-89ED-FD0DA4697871}"
EndProject
Global
	GlobalSection(SolutionConfigurationPlatforms) = preSolution
		Debug|Any CPU = Debug|Any CPU
		Release|Any CPU = Release|Any CPU
	EndGlobalSection
	GlobalSection(ProjectConfigurationPlatforms) = postSolution
		{2C6FC852-C9E1-4C3F-89ED-FD0DA4697871}.Debug|Any CPU.ActiveCfg = Debug|Any CPU
		{2C6FC852-C9E1-4C3F-89ED-FD0DA4697871}.Debug|Any CPU.Build.0 = Debug|Any CPU
		{2C6FC852-C9E1-4C3F-89ED-FD0DA4697871}.Release|Any CPU.ActiveCfg = Release|Any CPU
		{2C6FC852-C9E1-4C3F-89ED-FD0DA4697871}.Release|Any CPU.Build.0 = Release|Any CPU
	EndGlobalSection
	GlobalSection(SolutionProperties) = preSolution
		HideSolutionNode = FALSE
	EndGlobalSection
	GlobalSection(ExtensibilityGlobals) = postSolution
		SolutionGuid = {C87D1427-6CBE-4F72-ADA6-3CBAE6F4D169}
	EndGlobalSection
EndGlobal
